// !$*UTF8*$!
{
	archiveVersion = 1;
	classes = {
	};
	objectVersion = 50;
	objects = {

/* Begin PBXBuildFile section */
		CD75D5CB23F3634A00FF200C /* AppDelegate.swift in Sources */ = {isa = PBXBuildFile; fileRef = CD75D5CA23F3634A00FF200C /* AppDelegate.swift */; };
		CD75D5CD23F3634A00FF200C /* SceneDelegate.swift in Sources */ = {isa = PBXBuildFile; fileRef = CD75D5CC23F3634A00FF200C /* SceneDelegate.swift */; };
		CD75D5CF23F3634A00FF200C /* ViewController.swift in Sources */ = {isa = PBXBuildFile; fileRef = CD75D5CE23F3634A00FF200C /* ViewController.swift */; };
		CD75D5D223F3634A00FF200C /* Main.storyboard in Resources */ = {isa = PBXBuildFile; fileRef = CD75D5D023F3634A00FF200C /* Main.storyboard */; };
		CD75D5D423F3634A00FF200C /* Assets.xcassets in Resources */ = {isa = PBXBuildFile; fileRef = CD75D5D323F3634A00FF200C /* Assets.xcassets */; };
		CD75D5D723F3634A00FF200C /* LaunchScreen.storyboard in Resources */ = {isa = PBXBuildFile; fileRef = CD75D5D523F3634A00FF200C /* LaunchScreen.storyboard */; };
		CD75D5E223F3634A00FF200C /* AddViewIntoViewUITests.swift in Sources */ = {isa = PBXBuildFile; fileRef = CD75D5E123F3634A00FF200C /* AddViewIntoViewUITests.swift */; };
		CD75D5ED23F3640000FF200C /* UIViewExtension.swift in Sources */ = {isa = PBXBuildFile; fileRef = CD75D5EC23F3640000FF200C /* UIViewExtension.swift */; };
		CD75D5EF23F36FAC00FF200C /* GNCView.xib in Resources */ = {isa = PBXBuildFile; fileRef = CD75D5EE23F36FAC00FF200C /* GNCView.xib */; };
		CD75D5F123F36FBF00FF200C /* GNCView.swift in Sources */ = {isa = PBXBuildFile; fileRef = CD75D5F023F36FBF00FF200C /* GNCView.swift */; };
/* End PBXBuildFile section */

/* Begin PBXContainerItemProxy section */
		CD75D5DE23F3634A00FF200C /* PBXContainerItemProxy */ = {
			isa = PBXContainerItemProxy;
			containerPortal = CD75D5BF23F3634A00FF200C /* Project object */;
			proxyType = 1;
			remoteGlobalIDString = CD75D5C623F3634A00FF200C;
			remoteInfo = AddViewIntoView;
		};
/* End PBXContainerItemProxy section */

/* Begin PBXFileReference section */
		CD75D5C723F3634A00FF200C /* AddViewIntoView.app */ = {isa = PBXFileReference; explicitFileType = wrapper.application; includeInIndex = 0; path = AddViewIntoView.app; sourceTree = BUILT_PRODUCTS_DIR; };
		CD75D5CA23F3634A00FF200C /* AppDelegate.swift */ = {isa = PBXFileReference; lastKnownFileType = sourcecode.swift; path = AppDelegate.swift; sourceTree = "<group>"; };
		CD75D5CC23F3634A00FF200C /* SceneDelegate.swift */ = {isa = PBXFileReference; lastKnownFileType = sourcecode.swift; path = SceneDelegate.swift; sourceTree = "<group>"; };
		CD75D5CE23F3634A00FF200C /* ViewController.swift */ = {isa = PBXFileReference; lastKnownFileType = sourcecode.swift; name = ViewController.swift; path = ../ViewController.swift; sourceTree = "<group>"; };
		CD75D5D123F3634A00FF200C /* Base */ = {isa = PBXFileReference; lastKnownFileType = file.storyboard; name = Base; path = Base.lproj/Main.storyboard; sourceTree = "<group>"; };
		CD75D5D323F3634A00FF200C /* Assets.xcassets */ = {isa = PBXFileReference; lastKnownFileType = folder.assetcatalog; path = Assets.xcassets; sourceTree = "<group>"; };
		CD75D5D623F3634A00FF200C /* Base */ = {isa = PBXFileReference; lastKnownFileType = file.storyboard; name = Base; path = Base.lproj/LaunchScreen.storyboard; sourceTree = "<group>"; };
		CD75D5D823F3634A00FF200C /* Info.plist */ = {isa = PBXFileReference; lastKnownFileType = text.plist.xml; path = Info.plist; sourceTree = "<group>"; };
		CD75D5DD23F3634A00FF200C /* AddViewIntoViewUITests.xctest */ = {isa = PBXFileReference; explicitFileType = wrapper.cfbundle; includeInIndex = 0; path = AddViewIntoViewUITests.xctest; sourceTree = BUILT_PRODUCTS_DIR; };
		CD75D5E123F3634A00FF200C /* AddViewIntoViewUITests.swift */ = {isa = PBXFileReference; lastKnownFileType = sourcecode.swift; path = AddViewIntoViewUITests.swift; sourceTree = "<group>"; };
		CD75D5E323F3634A00FF200C /* Info.plist */ = {isa = PBXFileReference; lastKnownFileType = text.plist.xml; path = Info.plist; sourceTree = "<group>"; };
		CD75D5EC23F3640000FF200C /* UIViewExtension.swift */ = {isa = PBXFileReference; lastKnownFileType = sourcecode.swift; name = UIViewExtension.swift; path = ../UIViewExtension.swift; sourceTree = "<group>"; };
		CD75D5EE23F36FAC00FF200C /* GNCView.xib */ = {isa = PBXFileReference; lastKnownFileType = file.xib; name = GNCView.xib; path = ../GNCView.xib; sourceTree = "<group>"; };
		CD75D5F023F36FBF00FF200C /* GNCView.swift */ = {isa = PBXFileReference; lastKnownFileType = sourcecode.swift; name = GNCView.swift; path = ../GNCView.swift; sourceTree = "<group>"; };
/* End PBXFileReference section */

/* Begin PBXFrameworksBuildPhase section */
		CD75D5C423F3634A00FF200C /* Frameworks */ = {
			isa = PBXFrameworksBuildPhase;
			buildActionMask = 2147483647;
			files = (
			);
			runOnlyForDeploymentPostprocessing = 0;
		};
		CD75D5DA23F3634A00FF200C /* Frameworks */ = {
			isa = PBXFrameworksBuildPhase;
			buildActionMask = 2147483647;
			files = (
			);
			runOnlyForDeploymentPostprocessing = 0;
		};
/* End PBXFrameworksBuildPhase section */

/* Begin PBXGroup section */
		CD75D5BE23F3634A00FF200C = {
			isa = PBXGroup;
			children = (
				CD75D5C923F3634A00FF200C /* AddViewIntoView */,
				CD75D5E023F3634A00FF200C /* AddViewIntoViewUITests */,
				CD75D5C823F3634A00FF200C /* Products */,
			);
			sourceTree = "<group>";
		};
		CD75D5C823F3634A00FF200C /* Products */ = {
			isa = PBXGroup;
			children = (
				CD75D5C723F3634A00FF200C /* AddViewIntoView.app */,
				CD75D5DD23F3634A00FF200C /* AddViewIntoViewUITests.xctest */,
			);
			name = Products;
			sourceTree = "<group>";
		};
		CD75D5C923F3634A00FF200C /* AddViewIntoView */ = {
			isa = PBXGroup;
			children = (
				CD75D5CA23F3634A00FF200C /* AppDelegate.swift */,
				CD75D5CC23F3634A00FF200C /* SceneDelegate.swift */,
				E470C5E223F4610600024E19 /* Controllers */,
				E470C5DF23F460A200024E19 /* Views */,
				E470C5E023F460D800024E19 /* Extension */,
				CD75D5D323F3634A00FF200C /* Assets.xcassets */,
				CD75D5D023F3634A00FF200C /* Main.storyboard */,
				CD75D5D523F3634A00FF200C /* LaunchScreen.storyboard */,
				CD75D5D823F3634A00FF200C /* Info.plist */,
			);
			path = AddViewIntoView;
			sourceTree = "<group>";
		};
		CD75D5E023F3634A00FF200C /* AddViewIntoViewUITests */ = {
			isa = PBXGroup;
			children = (
				CD75D5E123F3634A00FF200C /* AddViewIntoViewUITests.swift */,
				CD75D5E323F3634A00FF200C /* Info.plist */,
			);
			path = AddViewIntoViewUITests;
			sourceTree = "<group>";
		};
		E470C5DF23F460A200024E19 /* Views */ = {
			isa = PBXGroup;
			children = (
				CD75D5EE23F36FAC00FF200C /* GNCView.xib */,
				CD75D5F023F36FBF00FF200C /* GNCView.swift */,
			);
			path = Views;
			sourceTree = "<group>";
		};
		E470C5E023F460D800024E19 /* Extension */ = {
			isa = PBXGroup;
			children = (
				CD75D5EC23F3640000FF200C /* UIViewExtension.swift */,
			);
			path = Extension;
			sourceTree = "<group>";
		};
		E470C5E223F4610600024E19 /* Controllers */ = {
			isa = PBXGroup;
			children = (
				CD75D5CE23F3634A00FF200C /* ViewController.swift */,
			);
			path = Controllers;
			sourceTree = "<group>";
		};
/* End PBXGroup section */

/* Begin PBXNativeTarget section */
		CD75D5C623F3634A00FF200C /* AddViewIntoView */ = {
			isa = PBXNativeTarget;
			buildConfigurationList = CD75D5E623F3634A00FF200C /* Build configuration list for PBXNativeTarget "AddViewIntoView" */;
			buildPhases = (
				CD75D5C323F3634A00FF200C /* Sources */,
				CD75D5C423F3634A00FF200C /* Frameworks */,
				CD75D5C523F3634A00FF200C /* Resources */,
			);
			buildRules = (
			);
			dependencies = (
			);
			name = AddViewIntoView;
			productName = AddViewIntoView;
			productReference = CD75D5C723F3634A00FF200C /* AddViewIntoView.app */;
			productType = "com.apple.product-type.application";
		};
		CD75D5DC23F3634A00FF200C /* AddViewIntoViewUITests */ = {
			isa = PBXNativeTarget;
			buildConfigurationList = CD75D5E923F3634A00FF200C /* Build configuration list for PBXNativeTarget "AddViewIntoViewUITests" */;
			buildPhases = (
				CD75D5D923F3634A00FF200C /* Sources */,
				CD75D5DA23F3634A00FF200C /* Frameworks */,
				CD75D5DB23F3634A00FF200C /* Resources */,
			);
			buildRules = (
			);
			dependencies = (
				CD75D5DF23F3634A00FF200C /* PBXTargetDependency */,
			);
			name = AddViewIntoViewUITests;
			productName = AddViewIntoViewUITests;
			productReference = CD75D5DD23F3634A00FF200C /* AddViewIntoViewUITests.xctest */;
			productType = "com.apple.product-type.bundle.ui-testing";
		};
/* End PBXNativeTarget section */

/* Begin PBXProject section */
		CD75D5BF23F3634A00FF200C /* Project object */ = {
			isa = PBXProject;
			attributes = {
				LastSwiftUpdateCheck = 1130;
				LastUpgradeCheck = 1130;
				ORGANIZATIONNAME = "Victor Hugo Benitez Bosques";
				TargetAttributes = {
					CD75D5C623F3634A00FF200C = {
						CreatedOnToolsVersion = 11.3.1;
					};
					CD75D5DC23F3634A00FF200C = {
						CreatedOnToolsVersion = 11.3.1;
						TestTargetID = CD75D5C623F3634A00FF200C;
					};
				};
			};
			buildConfigurationList = CD75D5C223F3634A00FF200C /* Build configuration list for PBXProject "AddViewIntoView" */;
			compatibilityVersion = "Xcode 9.3";
			developmentRegion = en;
			hasScannedForEncodings = 0;
			knownRegions = (
				en,
				Base,
			);
			mainGroup = CD75D5BE23F3634A00FF200C;
			productRefGroup = CD75D5C823F3634A00FF200C /* Products */;
			projectDirPath = "";
			projectRoot = "";
			targets = (
				CD75D5C623F3634A00FF200C /* AddViewIntoView */,
				CD75D5DC23F3634A00FF200C /* AddViewIntoViewUITests */,
			);
		};
/* End PBXProject section */

/* Begin PBXResourcesBuildPhase section */
		CD75D5C523F3634A00FF200C /* Resources */ = {
			isa = PBXResourcesBuildPhase;
			buildActionMask = 2147483647;
			files = (
				CD75D5D723F3634A00FF200C /* LaunchScreen.storyboard in Resources */,
				CD75D5D423F3634A00FF200C /* Assets.xcassets in Resources */,
				CD75D5D223F3634A00FF200C /* Main.storyboard in Resources */,
				CD75D5EF23F36FAC00FF200C /* GNCView.xib in Resources */,
			);
			runOnlyForDeploymentPostprocessing = 0;
		};
		CD75D5DB23F3634A00FF200C /* Resources */ = {
			isa = PBXResourcesBuildPhase;
			buildActionMask = 2147483647;
			files = (
			);
			runOnlyForDeploymentPostprocessing = 0;
		};
/* End PBXResourcesBuildPhase section */

/* Begin PBXSourcesBuildPhase section */
		CD75D5C323F3634A00FF200C /* Sources */ = {
			isa = PBXSourcesBuildPhase;
			buildActionMask = 2147483647;
			files = (
				CD75D5F123F36FBF00FF200C /* GNCView.swift in Sources */,
				CD75D5CF23F3634A00FF200C /* ViewController.swift in Sources */,
				CD75D5CB23F3634A00FF200C /* AppDelegate.swift in Sources */,
				CD75D5ED23F3640000FF200C /* UIViewExtension.swift in Sources */,
				CD75D5CD23F3634A00FF200C /* SceneDelegate.swift in Sources */,
			);
			runOnlyForDeploymentPostprocessing = 0;
		};
		CD75D5D923F3634A00FF200C /* Sources */ = {
			isa = PBXSourcesBuildPhase;
			buildActionMask = 2147483647;
			files = (
				CD75D5E223F3634A00FF200C /* AddViewIntoViewUITests.swift in Sources */,
			);
			runOnlyForDeploymentPostprocessing = 0;
		};
/* End PBXSourcesBuildPhase section */

/* Begin PBXTargetDependency section */
		CD75D5DF23F3634A00FF200C /* PBXTargetDependency */ = {
			isa = PBXTargetDependency;
			target = CD75D5C623F3634A00FF200C /* AddViewIntoView */;
			targetProxy = CD75D5DE23F3634A00FF200C /* PBXContainerItemProxy */;
		};
/* End PBXTargetDependency section */

/* Begin PBXVariantGroup section */
		CD75D5D023F3634A00FF200C /* Main.storyboard */ = {
			isa = PBXVariantGroup;
			children = (
				CD75D5D123F3634A00FF200C /* Base */,
			);
			name = Main.storyboard;
			sourceTree = "<group>";
		};
		CD75D5D523F3634A00FF200C /* LaunchScreen.storyboard */ = {
			isa = PBXVariantGroup;
			children = (
				CD75D5D623F3634A00FF200C /* Base */,
			);
			name = LaunchScreen.storyboard;
			sourceTree = "<group>";
		};
/* End PBXVariantGroup section */

/* Begin XCBuildConfiguration section */
		CD75D5E423F3634A00FF200C /* Debug */ = {
			isa = XCBuildConfiguration;
			buildSettings = {
				ALWAYS_SEARCH_USER_PATHS = NO;
				CLANG_ANALYZER_NONNULL = YES;
				CLANG_ANALYZER_NUMBER_OBJECT_CONVERSION = YES_AGGRESSIVE;
				CLANG_CXX_LANGUAGE_STANDARD = "gnu++14";
				CLANG_CXX_LIBRARY = "libc++";
				CLANG_ENABLE_MODULES = YES;
				CLANG_ENABLE_OBJC_ARC = YES;
				CLANG_ENABLE_OBJC_WEAK = YES;
				CLANG_WARN_BLOCK_CAPTURE_AUTORELEASING = YES;
				CLANG_WARN_BOOL_CONVERSION = YES;
				CLANG_WARN_COMMA = YES;
				CLANG_WARN_CONSTANT_CONVERSION = YES;
				CLANG_WARN_DEPRECATED_OBJC_IMPLEMENTATIONS = YES;
				CLANG_WARN_DIRECT_OBJC_ISA_USAGE = YES_ERROR;
				CLANG_WARN_DOCUMENTATION_COMMENTS = YES;
				CLANG_WARN_EMPTY_BODY = YES;
				CLANG_WARN_ENUM_CONVERSION = YES;
				CLANG_WARN_INFINITE_RECURSION = YES;
				CLANG_WARN_INT_CONVERSION = YES;
				CLANG_WARN_NON_LITERAL_NULL_CONVERSION = YES;
				CLANG_WARN_OBJC_IMPLICIT_RETAIN_SELF = YES;
				CLANG_WARN_OBJC_LITERAL_CONVERSION = YES;
				CLANG_WARN_OBJC_ROOT_CLASS = YES_ERROR;
				CLANG_WARN_RANGE_LOOP_ANALYSIS = YES;
				CLANG_WARN_STRICT_PROTOTYPES = YES;
				CLANG_WARN_SUSPICIOUS_MOVE = YES;
				CLANG_WARN_UNGUARDED_AVAILABILITY = YES_AGGRESSIVE;
				CLANG_WARN_UNREACHABLE_CODE = YES;
				CLANG_WARN__DUPLICATE_METHOD_MATCH = YES;
				COPY_PHASE_STRIP = NO;
				DEBUG_INFORMATION_FORMAT = dwarf;
				ENABLE_STRICT_OBJC_MSGSEND = YES;
				ENABLE_TESTABILITY = YES;
				GCC_C_LANGUAGE_STANDARD = gnu11;
				GCC_DYNAMIC_NO_PIC = NO;
				GCC_NO_COMMON_BLOCKS = YES;
				GCC_OPTIMIZATION_LEVEL = 0;
				GCC_PREPROCESSOR_DEFINITIONS = (
					"DEBUG=1",
					"$(inherited)",
				);
				GCC_WARN_64_TO_32_BIT_CONVERSION = YES;
				GCC_WARN_ABOUT_RETURN_TYPE = YES_ERROR;
				GCC_WARN_UNDECLARED_SELECTOR = YES;
				GCC_WARN_UNINITIALIZED_AUTOS = YES_AGGRESSIVE;
				GCC_WARN_UNUSED_FUNCTION = YES;
				GCC_WARN_UNUSED_VARIABLE = YES;
				IPHONEOS_DEPLOYMENT_TARGET = 13.2;
				MTL_ENABLE_DEBUG_INFO = INCLUDE_SOURCE;
				MTL_FAST_MATH = YES;
				ONLY_ACTIVE_ARCH = YES;
				SDKROOT = iphoneos;
				SWIFT_ACTIVE_COMPILATION_CONDITIONS = DEBUG;
				SWIFT_OPTIMIZATION_LEVEL = "-Onone";
			};
			name = Debug;
		};
		CD75D5E523F3634A00FF200C /* Release */ = {
			isa = XCBuildConfiguration;
			buildSettings = {
				ALWAYS_SEARCH_USER_PATHS = NO;
				CLANG_ANALYZER_NONNULL = YES;
				CLANG_ANALYZER_NUMBER_OBJECT_CONVERSION = YES_AGGRESSIVE;
				CLANG_CXX_LANGUAGE_STANDARD = "gnu++14";
				CLANG_CXX_LIBRARY = "libc++";
				CLANG_ENABLE_MODULES = YES;
				CLANG_ENABLE_OBJC_ARC = YES;
				CLANG_ENABLE_OBJC_WEAK = YES;
				CLANG_WARN_BLOCK_CAPTURE_AUTORELEASING = YES;
				CLANG_WARN_BOOL_CONVERSION = YES;
				CLANG_WARN_COMMA = YES;
				CLANG_WARN_CONSTANT_CONVERSION = YES;
				CLANG_WARN_DEPRECATED_OBJC_IMPLEMENTATIONS = YES;
				CLANG_WARN_DIRECT_OBJC_ISA_USAGE = YES_ERROR;
				CLANG_WARN_DOCUMENTATION_COMMENTS = YES;
				CLANG_WARN_EMPTY_BODY = YES;
				CLANG_WARN_ENUM_CONVERSION = YES;
				CLANG_WARN_INFINITE_RECURSION = YES;
				CLANG_WARN_INT_CONVERSION = YES;
				CLANG_WARN_NON_LITERAL_NULL_CONVERSION = YES;
				CLANG_WARN_OBJC_IMPLICIT_RETAIN_SELF = YES;
				CLANG_WARN_OBJC_LITERAL_CONVERSION = YES;
				CLANG_WARN_OBJC_ROOT_CLASS = YES_ERROR;
				CLANG_WARN_RANGE_LOOP_ANALYSIS = YES;
				CLANG_WARN_STRICT_PROTOTYPES = YES;
				CLANG_WARN_SUSPICIOUS_MOVE = YES;
				CLANG_WARN_UNGUARDED_AVAILABILITY = YES_AGGRESSIVE;
				CLANG_WARN_UNREACHABLE_CODE = YES;
				CLANG_WARN__DUPLICATE_METHOD_MATCH = YES;
				COPY_PHASE_STRIP = NO;
				DEBUG_INFORMATION_FORMAT = "dwarf-with-dsym";
				ENABLE_NS_ASSERTIONS = NO;
				ENABLE_STRICT_OBJC_MSGSEND = YES;
				GCC_C_LANGUAGE_STANDARD = gnu11;
				GCC_NO_COMMON_BLOCKS = YES;
				GCC_WARN_64_TO_32_BIT_CONVERSION = YES;
				GCC_WARN_ABOUT_RETURN_TYPE = YES_ERROR;
				GCC_WARN_UNDECLARED_SELECTOR = YES;
				GCC_WARN_UNINITIALIZED_AUTOS = YES_AGGRESSIVE;
				GCC_WARN_UNUSED_FUNCTION = YES;
				GCC_WARN_UNUSED_VARIABLE = YES;
				IPHONEOS_DEPLOYMENT_TARGET = 13.2;
				MTL_ENABLE_DEBUG_INFO = NO;
				MTL_FAST_MATH = YES;
				SDKROOT = iphoneos;
				SWIFT_COMPILATION_MODE = wholemodule;
				SWIFT_OPTIMIZATION_LEVEL = "-O";
				VALIDATE_PRODUCT = YES;
			};
			name = Release;
		};
		CD75D5E723F3634A00FF200C /* Debug */ = {
			isa = XCBuildConfiguration;
			buildSettings = {
				ASSETCATALOG_COMPILER_APPICON_NAME = AppIcon;
				CODE_SIGN_STYLE = Automatic;
				DEVELOPMENT_TEAM = 5NP75FXQ73;
				INFOPLIST_FILE = AddViewIntoView/Info.plist;
				LD_RUNPATH_SEARCH_PATHS = (
					"$(inherited)",
					"@executable_path/Frameworks",
				);
				PRODUCT_BUNDLE_IDENTIFIER = com.company.AddViewIntoView;
				PRODUCT_NAME = "$(TARGET_NAME)";
				SWIFT_VERSION = 5.0;
				TARGETED_DEVICE_FAMILY = "1,2";
			};
			name = Debug;
		};
		CD75D5E823F3634A00FF200C /* Release */ = {
			isa = XCBuildConfiguration;
			buildSettings = {
				ASSETCATALOG_COMPILER_APPICON_NAME = AppIcon;
				CODE_SIGN_STYLE = Automatic;
				DEVELOPMENT_TEAM = 5NP75FXQ73;
				INFOPLIST_FILE = AddViewIntoView/Info.plist;
				LD_RUNPATH_SEARCH_PATHS = (
					"$(inherited)",
					"@executable_path/Frameworks",
				);
				PRODUCT_BUNDLE_IDENTIFIER = com.company.AddViewIntoView;
				PRODUCT_NAME = "$(TARGET_NAME)";
				SWIFT_VERSION = 5.0;
				TARGETED_DEVICE_FAMILY = "1,2";
			};
			name = Release;
		};
		CD75D5EA23F3634A00FF200C /* Debug */ = {
			isa = XCBuildConfiguration;
			buildSettings = {
				ALWAYS_EMBED_SWIFT_STANDARD_LIBRARIES = YES;
				CODE_SIGN_STYLE = Automatic;
				DEVELOPMENT_TEAM = 5NP75FXQ73;
				INFOPLIST_FILE = AddViewIntoViewUITests/Info.plist;
				LD_RUNPATH_SEARCH_PATHS = (
					"$(inherited)",
					"@executable_path/Frameworks",
					"@loader_path/Frameworks",
				);
				PRODUCT_BUNDLE_IDENTIFIER = com.company.AddViewIntoViewUITests;
				PRODUCT_NAME = "$(TARGET_NAME)";
				SWIFT_VERSION = 5.0;
				TARGETED_DEVICE_FAMILY = "1,2";
				TEST_TARGET_NAME = AddViewIntoView;
			};
			name = Debug;
		};
		CD75D5EB23F3634A00FF200C /* Release */ = {
			isa = XCBuildConfiguration;
			buildSettings = {
				ALWAYS_EMBED_SWIFT_STANDARD_LIBRARIES = YES;
				CODE_SIGN_STYLE = Automatic;
				DEVELOPMENT_TEAM = 5NP75FXQ73;
				INFOPLIST_FILE = AddViewIntoViewUITests/Info.plist;
				LD_RUNPATH_SEARCH_PATHS = (
					"$(inherited)",
					"@executable_path/Frameworks",
					"@loader_path/Frameworks",
				);
				PRODUCT_BUNDLE_IDENTIFIER = com.company.AddViewIntoViewUITests;
				PRODUCT_NAME = "$(TARGET_NAME)";
				SWIFT_VERSION = 5.0;
				TARGETED_DEVICE_FAMILY = "1,2";
				TEST_TARGET_NAME = AddViewIntoView;
			};
			name = Release;
		};
/* End XCBuildConfiguration section */

/* Begin XCConfigurationList section */
		CD75D5C223F3634A00FF200C /* Build configuration list for PBXProject "AddViewIntoView" */ = {
			isa = XCConfigurationList;
			buildConfigurations = (
				CD75D5E423F3634A00FF200C /* Debug */,
				CD75D5E523F3634A00FF200C /* Release */,
			);
			defaultConfigurationIsVisible = 0;
			defaultConfigurationName = Release;
		};
		CD75D5E623F3634A00FF200C /* Build configuration list for PBXNativeTarget "AddViewIntoView" */ = {
			isa = XCConfigurationList;
			buildConfigurations = (
				CD75D5E723F3634A00FF200C /* Debug */,
				CD75D5E823F3634A00FF200C /* Release */,
			);
			defaultConfigurationIsVisible = 0;
			defaultConfigurationName = Release;
		};
		CD75D5E923F3634A00FF200C /* Build configuration list for PBXNativeTarget "AddViewIntoViewUITests" */ = {
			isa = XCConfigurationList;
			buildConfigurations = (
				CD75D5EA23F3634A00FF200C /* Debug */,
				CD75D5EB23F3634A00FF200C /* Release */,
			);
			defaultConfigurationIsVisible = 0;
			defaultConfigurationName = Release;
		};
/* End XCConfigurationList section */
	};
	rootObject = CD75D5BF23F3634A00FF200C /* Project object */;
}
